
Microsoft Visual Studio Solution File, Format Version 12.00
# Visual Studio Version 16
VisualStudioVersion = 16.0.30907.101
MinimumVisualStudioVersion = 10.0.40219.1
Project("{FAE04EC0-301F-11D3-BF4B-00C04F79EFBC}") = "Admin", "Admin\Admin.csproj", "{44B25A87-3C60-4F4D-823E-1FE9965021CD}"
EndProject
Global
	GlobalSection(SolutionConfigurationPlatforms) = preSolution
		Debug|Any CPU = Debug|Any CPU
		Release|Any CPU = Release|Any CPU
	EndGlobalSection
	GlobalSection(ProjectConfigurationPlatforms) = postSolution
		{44B25A87-3C60-4F4D-823E-1FE9965021CD}.Debug|Any CPU.ActiveCfg = Debug|Any CPU
		{44B25A87-3C60-4F4D-823E-1FE9965021CD}.Debug|Any CPU.Build.0 = Debug|Any CPU
		{44B25A87-3C60-4F4D-823E-1FE9965021CD}.Release|Any CPU.ActiveCfg = Release|Any CPU
		{44B25A87-3C60-4F4D-823E-1FE9965021CD}.Release|Any CPU.Build.0 = Release|Any CPU
	EndGlobalSection
	GlobalSection(SolutionProperties) = preSolution
		HideSolutionNode = FALSE
	EndGlobalSection
	GlobalSection(ExtensibilityGlobals) = postSolution
		SolutionGuid = {A4EB813D-24CD-42B7-90DC-4D575DBC69A3}
	EndGlobalSection
EndGlobal
